
Microsoft Visual Studio Solution File, Format Version 12.00
# Visual Studio Version 17
VisualStudioVersion = 17.12.35707.178 d17.12
MinimumVisualStudioVersion = 10.0.40219.1
Project("{FAE04EC0-301F-11D3-BF4B-00C04F79EFBC}") = "AutoMall_API", "AutoMall_API.csproj", "{1DBB60E5-6767-4123-BCE6-ECDFA8A536F1}"
EndProject
Project("{FAE04EC0-301F-11D3-BF4B-00C04F79EFBC}") = "Data Access Layer", "..\DataAccess\Data Access Layer.csproj", "{9CFEF8FD-3BCD-4E59-A998-B5286DD2BBB2}"
EndProject
Project("{FAE04EC0-301F-11D3-BF4B-00C04F79EFBC}") = "Business Layer", "..\Bussines\Business Layer.csproj", "{4D6F113E-E1E8-48E4-B3FB-86C8BAD17517}"
EndProject
Global
	GlobalSection(SolutionConfigurationPlatforms) = preSolution
		Debug|Any CPU = Debug|Any CPU
		Release|Any CPU = Release|Any CPU
	EndGlobalSection
	GlobalSection(ProjectConfigurationPlatforms) = postSolution
		{1DBB60E5-6767-4123-BCE6-ECDFA8A536F1}.Debug|Any CPU.ActiveCfg = Debug|Any CPU
		{1DBB60E5-6767-4123-BCE6-ECDFA8A536F1}.Debug|Any CPU.Build.0 = Debug|Any CPU
		{1DBB60E5-6767-4123-BCE6-ECDFA8A536F1}.Release|Any CPU.ActiveCfg = Release|Any CPU
		{1DBB60E5-6767-4123-BCE6-ECDFA8A536F1}.Release|Any CPU.Build.0 = Release|Any CPU
		{9CFEF8FD-3BCD-4E59-A998-B5286DD2BBB2}.Debug|Any CPU.ActiveCfg = Debug|Any CPU
		{9CFEF8FD-3BCD-4E59-A998-B5286DD2BBB2}.Debug|Any CPU.Build.0 = Debug|Any CPU
		{9CFEF8FD-3BCD-4E59-A998-B5286DD2BBB2}.Release|Any CPU.ActiveCfg = Release|Any CPU
		{9CFEF8FD-3BCD-4E59-A998-B5286DD2BBB2}.Release|Any CPU.Build.0 = Release|Any CPU
		{4D6F113E-E1E8-48E4-B3FB-86C8BAD17517}.Debug|Any CPU.ActiveCfg = Debug|Any CPU
		{4D6F113E-E1E8-48E4-B3FB-86C8BAD17517}.Debug|Any CPU.Build.0 = Debug|Any CPU
		{4D6F113E-E1E8-48E4-B3FB-86C8BAD17517}.Release|Any CPU.ActiveCfg = Release|Any CPU
		{4D6F113E-E1E8-48E4-B3FB-86C8BAD17517}.Release|Any CPU.Build.0 = Release|Any CPU
	EndGlobalSection
	GlobalSection(SolutionProperties) = preSolution
		HideSolutionNode = FALSE
	EndGlobalSection
EndGlobal
